{
  "nodes": {
    "carpalx-macos": {
      "flake": false,
      "locked": {
        "lastModified": 1711306779,
        "narHash": "sha256-DW+ehfBj/u2b2njp8Dhg9FG4vZtrnYJkl97psVo2o8Q=",
        "owner": "JuneKelly",
        "repo": "carpalx-macos",
        "rev": "e5ada471cfcd2fba3c6e325923ddd92a4019ffdf",
        "type": "github"
      },
      "original": {
        "owner": "JuneKelly",
        "repo": "carpalx-macos",
        "type": "github"
      }
    },
    "home-manager": {
      "inputs": {
        "nixpkgs": [
          "nixpkgs"
        ]
      },
      "locked": {
        "lastModified": 1781064232,
        "narHash": "sha256-+7cIaqM6ucKf5fDyMnkwehxG8tBdaU51TZOMtxacXmI=",
        "owner": "nix-community",
        "repo": "home-manager",
        "rev": "1ffdc28076a1809ee7c0cf08f06af18f31c480cd",
        "type": "github"
      },
      "original": {
        "owner": "nix-community",
        "repo": "home-manager",
        "type": "github"
      }
    },
    "nix-darwin": {
      "inputs": {
        "nixpkgs": [
          "nixpkgs"
        ]
      },
      "locked": {
        "lastModified": 1780795403,
        "narHash": "sha256-AkWx4Zt9pQbD/f82Z8N57+d0HGLN/rV3gdMKJTpBPKs=",
        "owner": "nix-darwin",
        "repo": "nix-darwin",
        "rev": "6a771120d607dcccb279a27d227650e324815c35",
        "type": "github"
      },
      "original": {
        "owner": "nix-darwin",
        "ref": "master",
        "repo": "nix-darwin",
        "type": "github"
      }
    },
    "nixpkgs": {
      "locked": {
        "lastModified": 1780930886,
        "narHash": "sha256-rppURzHviaQN131F+nLiLdGfcb0uCd9gGP0E5+iw9MI=",
        "owner": "nixos",
        "repo": "nixpkgs",
        "rev": "8c3cede7ddc26bd659d2d383b5610efbd2c7a16e",
        "type": "github"
      },
      "original": {
        "owner": "nixos",
        "ref": "nixpkgs-unstable",
        "repo": "nixpkgs",
        "type": "github"
      }
    },
    "nixpkgs-25-11-darwin": {
      "locked": {
        "lastModified": 1780815147,
        "narHash": "sha256-FSDVygpoXrYLH5ZYcqjNkCZzzQrRYZW3awA9vDgb60g=",
        "owner": "nixos",
        "repo": "nixpkgs",
        "rev": "9a681e663d65ff3b0c636df6c7cfbad31e1ed311",
        "type": "github"
      },
      "original": {
        "owner": "nixos",
        "ref": "nixpkgs-25.11-darwin",
        "repo": "nixpkgs",
        "type": "github"
      }
    },
    "nixpkgs-master": {
      "locked": {
        "lastModified": 1781088840,
        "narHash": "sha256-TMerYAtTcamuIcsHhVa7Nl9TgbVCuh+6QsSHT9Kd5fQ=",
        "owner": "nixos",
        "repo": "nixpkgs",
        "rev": "c271f1077a59bd68a6289980016679bddc95f0fd",
        "type": "github"
      },
      "original": {
        "owner": "nixos",
        "ref": "master",
        "repo": "nixpkgs",
        "type": "github"
      }
    },
    "root": {
      "inputs": {
        "carpalx-macos": "carpalx-macos",
        "home-manager": "home-manager",
        "nix-darwin": "nix-darwin",
        "nixpkgs": "nixpkgs",
        "nixpkgs-25-11-darwin": "nixpkgs-25-11-darwin",
        "nixpkgs-master": "nixpkgs-master"
      }
    }
  },
  "root": "root",
  "version": 7
}
