{
  "nodes": {
    "home-manager": {
      "inputs": {
        "nixpkgs": [
          "nixpkgs"
        ]
      },
      "locked": {
        "lastModified": 1767104570,
        "narHash": "sha256-GKgwu5//R+cLdKysZjGqvUEEOGXXLdt93sNXeb2M/Lk=",
        "owner": "nix-community",
        "repo": "home-manager",
        "rev": "e4e78a2cbeaddd07ab7238971b16468cc1d14daf",
        "type": "github"
      },
      "original": {
        "owner": "nix-community",
        "repo": "home-manager",
        "type": "github"
      }
    },
    "nix-darwin": {
      "inputs": {
        "nixpkgs": [
          "nixpkgs"
        ]
      },
      "locked": {
        "lastModified": 1767028240,
        "narHash": "sha256-0/fLUqwJ4Z774muguUyn5t8AQ6wyxlNbHexpje+5hRo=",
        "owner": "nix-darwin",
        "repo": "nix-darwin",
        "rev": "c31afa6e76da9bbc7c9295e39c7de9fca1071ea1",
        "type": "github"
      },
      "original": {
        "owner": "nix-darwin",
        "ref": "master",
        "repo": "nix-darwin",
        "type": "github"
      }
    },
    "nixpkgs": {
      "locked": {
        "lastModified": 1767026758,
        "narHash": "sha256-7fsac/f7nh/VaKJ/qm3I338+wAJa/3J57cOGpXi0Sbg=",
        "owner": "nixos",
        "repo": "nixpkgs",
        "rev": "346dd96ad74dc4457a9db9de4f4f57dab2e5731d",
        "type": "github"
      },
      "original": {
        "owner": "nixos",
        "ref": "nixpkgs-unstable",
        "repo": "nixpkgs",
        "type": "github"
      }
    },
    "nixpkgs-master": {
      "locked": {
        "lastModified": 1767122148,
        "narHash": "sha256-+0aK0viozH8Wjz8Jw7MiDUYFrn3HkYd+3a2EYCZs/5k=",
        "owner": "nixos",
        "repo": "nixpkgs",
        "rev": "cfe5456da2c3972d4f567b0175ffbc1223914e95",
        "type": "github"
      },
      "original": {
        "owner": "nixos",
        "ref": "master",
        "repo": "nixpkgs",
        "type": "github"
      }
    },
    "paneru": {
      "inputs": {
        "nixpkgs": [
          "nixpkgs"
        ]
      },
      "locked": {
        "lastModified": 1766769098,
        "narHash": "sha256-ABd7QD4cI+ek3S90AwRhnzw2Mlh4yTjnww1pgbzUYOI=",
        "owner": "karinushka",
        "repo": "paneru",
        "rev": "7b1c403c89682d058713d322bb1efb7c5eaf2905",
        "type": "github"
      },
      "original": {
        "owner": "karinushka",
        "repo": "paneru",
        "type": "github"
      }
    },
    "root": {
      "inputs": {
        "home-manager": "home-manager",
        "nix-darwin": "nix-darwin",
        "nixpkgs": "nixpkgs",
        "nixpkgs-master": "nixpkgs-master",
        "paneru": "paneru"
      }
    }
  },
  "root": "root",
  "version": 7
}
